
Microsoft Visual Studio Solution File, Format Version 12.00
# Visual Studio Version 17
VisualStudioVersion = 17.14.36705.20
MinimumVisualStudioVersion = 10.0.40219.1
Project("{FAE04EC0-301F-11D3-BF4B-00C04F79EFBC}") = "Microsoft.Azure.Workflows.Sdk", "src\Microsoft.Azure.Workflows.Sdk.csproj", "{7E98CE91-2EA7-962A-3310-B545E2DB23BA}"
EndProject
Project("{FAE04EC0-301F-11D3-BF4B-00C04F79EFBC}") = "Microsoft.Azure.Workflows.Sdk.Tests.Worker", "tests\Microsoft.Azure.Workflows.Sdk.Tests.Worker\Microsoft.Azure.Workflows.Sdk.Tests.Worker.csproj", "{C59BC734-CF36-61B4-9B87-B0F87AEF70F7}"
EndProject
Project("{FAE04EC0-301F-11D3-BF4B-00C04F79EFBC}") = "Microsoft.Azure.Workflows.Sdk.UnitTests", "tests\Microsoft.Azure.Workflows.Sdk.UnitTests\Microsoft.Azure.Workflows.Sdk.UnitTests.csproj", "{F981A1D6-3D50-69B0-B737-26485B860909}"
EndProject
Project("{2150E333-8FDC-42A3-9474-1A3956D46DE8}") = "tests", "tests", "{0AB3BF05-4346-4AA6-1389-037BE0695223}"
EndProject
Project("{FAE04EC0-301F-11D3-BF4B-00C04F79EFBC}") = "Microsoft.Azure.Workflows.Sdk.ExpressionTests", "tests\Microsoft.Azure.Workflows.Sdk.ExpressionTests\Microsoft.Azure.Workflows.Sdk.ExpressionTests.csproj", "{B544C564-950B-46F6-856C-211739DBA1B0}"
EndProject
Project("{FAE04EC0-301F-11D3-BF4B-00C04F79EFBC}") = "Microsoft.Azure.Workflows.Sdk.CSharpExpressionTests", "tests\Microsoft.Azure.Workflows.Sdk.CSharpExpressionTests\Microsoft.Azure.Workflows.Sdk.CSharpExpressionTests.csproj", "{739892B1-6B2F-4C75-A5FC-95C6EB9A40D5}"
EndProject
Project("{FAE04EC0-301F-11D3-BF4B-00C04F79EFBC}") = "Microsoft.Azure.Workflows.Sdk.Tests", "tests\Microsoft.Azure.Workflows.Sdk.Tests\Microsoft.Azure.Workflows.Sdk.Tests.csproj", "{EF468EBF-00C4-4F32-8A75-C2357AC725B2}"
EndProject
Global
	GlobalSection(SolutionConfigurationPlatforms) = preSolution
		Debug|Any CPU = Debug|Any CPU
		Debug|x64 = Debug|x64
		Debug|x86 = Debug|x86
		Release|Any CPU = Release|Any CPU
		Release|x64 = Release|x64
		Release|x86 = Release|x86
	EndGlobalSection
	GlobalSection(ProjectConfigurationPlatforms) = postSolution
		{7E98CE91-2EA7-962A-3310-B545E2DB23BA}.Debug|Any CPU.ActiveCfg = Debug|Any CPU
		{7E98CE91-2EA7-962A-3310-B545E2DB23BA}.Debug|Any CPU.Build.0 = Debug|Any CPU
		{7E98CE91-2EA7-962A-3310-B545E2DB23BA}.Debug|x64.ActiveCfg = Debug|Any CPU
		{7E98CE91-2EA7-962A-3310-B545E2DB23BA}.Debug|x64.Build.0 = Debug|Any CPU
		{7E98CE91-2EA7-962A-3310-B545E2DB23BA}.Debug|x86.ActiveCfg = Debug|Any CPU
		{7E98CE91-2EA7-962A-3310-B545E2DB23BA}.Debug|x86.Build.0 = Debug|Any CPU
		{7E98CE91-2EA7-962A-3310-B545E2DB23BA}.Release|Any CPU.ActiveCfg = Release|Any CPU
		{7E98CE91-2EA7-962A-3310-B545E2DB23BA}.Release|Any CPU.Build.0 = Release|Any CPU
		{7E98CE91-2EA7-962A-3310-B545E2DB23BA}.Release|x64.ActiveCfg = Release|Any CPU
		{7E98CE91-2EA7-962A-3310-B545E2DB23BA}.Release|x64.Build.0 = Release|Any CPU
		{7E98CE91-2EA7-962A-3310-B545E2DB23BA}.Release|x86.ActiveCfg = Release|Any CPU
		{7E98CE91-2EA7-962A-3310-B545E2DB23BA}.Release|x86.Build.0 = Release|Any CPU
		{C59BC734-CF36-61B4-9B87-B0F87AEF70F7}.Debug|Any CPU.ActiveCfg = Debug|Any CPU
		{C59BC734-CF36-61B4-9B87-B0F87AEF70F7}.Debug|Any CPU.Build.0 = Debug|Any CPU
		{C59BC734-CF36-61B4-9B87-B0F87AEF70F7}.Debug|x64.ActiveCfg = Debug|Any CPU
		{C59BC734-CF36-61B4-9B87-B0F87AEF70F7}.Debug|x64.Build.0 = Debug|Any CPU
		{C59BC734-CF36-61B4-9B87-B0F87AEF70F7}.Debug|x86.ActiveCfg = Debug|Any CPU
		{C59BC734-CF36-61B4-9B87-B0F87AEF70F7}.Debug|x86.Build.0 = Debug|Any CPU
		{C59BC734-CF36-61B4-9B87-B0F87AEF70F7}.Release|Any CPU.ActiveCfg = Release|Any CPU
		{C59BC734-CF36-61B4-9B87-B0F87AEF70F7}.Release|Any CPU.Build.0 = Release|Any CPU
		{C59BC734-CF36-61B4-9B87-B0F87AEF70F7}.Release|x64.ActiveCfg = Release|Any CPU
		{C59BC734-CF36-61B4-9B87-B0F87AEF70F7}.Release|x64.Build.0 = Release|Any CPU
		{C59BC734-CF36-61B4-9B87-B0F87AEF70F7}.Release|x86.ActiveCfg = Release|Any CPU
		{C59BC734-CF36-61B4-9B87-B0F87AEF70F7}.Release|x86.Build.0 = Release|Any CPU
		{F981A1D6-3D50-69B0-B737-26485B860909}.Debug|Any CPU.ActiveCfg = Debug|Any CPU
		{F981A1D6-3D50-69B0-B737-26485B860909}.Debug|Any CPU.Build.0 = Debug|Any CPU
		{F981A1D6-3D50-69B0-B737-26485B860909}.Debug|x64.ActiveCfg = Debug|Any CPU
		{F981A1D6-3D50-69B0-B737-26485B860909}.Debug|x64.Build.0 = Debug|Any CPU
		{F981A1D6-3D50-69B0-B737-26485B860909}.Debug|x86.ActiveCfg = Debug|Any CPU
		{F981A1D6-3D50-69B0-B737-26485B860909}.Debug|x86.Build.0 = Debug|Any CPU
		{F981A1D6-3D50-69B0-B737-26485B860909}.Release|Any CPU.ActiveCfg = Release|Any CPU
		{F981A1D6-3D50-69B0-B737-26485B860909}.Release|Any CPU.Build.0 = Release|Any CPU
		{F981A1D6-3D50-69B0-B737-26485B860909}.Release|x64.ActiveCfg = Release|Any CPU
		{F981A1D6-3D50-69B0-B737-26485B860909}.Release|x64.Build.0 = Release|Any CPU
		{F981A1D6-3D50-69B0-B737-26485B860909}.Release|x86.ActiveCfg = Release|Any CPU
		{F981A1D6-3D50-69B0-B737-26485B860909}.Release|x86.Build.0 = Release|Any CPU
		{B544C564-950B-46F6-856C-211739DBA1B0}.Debug|Any CPU.ActiveCfg = Debug|Any CPU
		{B544C564-950B-46F6-856C-211739DBA1B0}.Debug|Any CPU.Build.0 = Debug|Any CPU
		{B544C564-950B-46F6-856C-211739DBA1B0}.Debug|x64.ActiveCfg = Debug|Any CPU
		{B544C564-950B-46F6-856C-211739DBA1B0}.Debug|x64.Build.0 = Debug|Any CPU
		{B544C564-950B-46F6-856C-211739DBA1B0}.Debug|x86.ActiveCfg = Debug|Any CPU
		{B544C564-950B-46F6-856C-211739DBA1B0}.Debug|x86.Build.0 = Debug|Any CPU
		{B544C564-950B-46F6-856C-211739DBA1B0}.Release|Any CPU.ActiveCfg = Release|Any CPU
		{B544C564-950B-46F6-856C-211739DBA1B0}.Release|Any CPU.Build.0 = Release|Any CPU
		{B544C564-950B-46F6-856C-211739DBA1B0}.Release|x64.ActiveCfg = Release|Any CPU
		{B544C564-950B-46F6-856C-211739DBA1B0}.Release|x64.Build.0 = Release|Any CPU
		{B544C564-950B-46F6-856C-211739DBA1B0}.Release|x86.ActiveCfg = Release|Any CPU
		{B544C564-950B-46F6-856C-211739DBA1B0}.Release|x86.Build.0 = Release|Any CPU
		{739892B1-6B2F-4C75-A5FC-95C6EB9A40D5}.Debug|Any CPU.ActiveCfg = Debug|Any CPU
		{739892B1-6B2F-4C75-A5FC-95C6EB9A40D5}.Debug|Any CPU.Build.0 = Debug|Any CPU
		{739892B1-6B2F-4C75-A5FC-95C6EB9A40D5}.Debug|x64.ActiveCfg = Debug|Any CPU
		{739892B1-6B2F-4C75-A5FC-95C6EB9A40D5}.Debug|x64.Build.0 = Debug|Any CPU
		{739892B1-6B2F-4C75-A5FC-95C6EB9A40D5}.Debug|x86.ActiveCfg = Debug|Any CPU
		{739892B1-6B2F-4C75-A5FC-95C6EB9A40D5}.Debug|x86.Build.0 = Debug|Any CPU
		{739892B1-6B2F-4C75-A5FC-95C6EB9A40D5}.Release|Any CPU.ActiveCfg = Release|Any CPU
		{739892B1-6B2F-4C75-A5FC-95C6EB9A40D5}.Release|Any CPU.Build.0 = Release|Any CPU
		{739892B1-6B2F-4C75-A5FC-95C6EB9A40D5}.Release|x64.ActiveCfg = Release|Any CPU
		{739892B1-6B2F-4C75-A5FC-95C6EB9A40D5}.Release|x64.Build.0 = Release|Any CPU
		{739892B1-6B2F-4C75-A5FC-95C6EB9A40D5}.Release|x86.ActiveCfg = Release|Any CPU
		{739892B1-6B2F-4C75-A5FC-95C6EB9A40D5}.Release|x86.Build.0 = Release|Any CPU
		{EF468EBF-00C4-4F32-8A75-C2357AC725B2}.Debug|Any CPU.ActiveCfg = Debug|Any CPU
		{EF468EBF-00C4-4F32-8A75-C2357AC725B2}.Debug|Any CPU.Build.0 = Debug|Any CPU
		{EF468EBF-00C4-4F32-8A75-C2357AC725B2}.Release|Any CPU.ActiveCfg = Release|Any CPU
		{EF468EBF-00C4-4F32-8A75-C2357AC725B2}.Release|Any CPU.Build.0 = Release|Any CPU
	EndGlobalSection
	GlobalSection(SolutionProperties) = preSolution
		HideSolutionNode = FALSE
	EndGlobalSection
	GlobalSection(NestedProjects) = preSolution
		{B544C564-950B-46F6-856C-211739DBA1B0} = {0AB3BF05-4346-4AA6-1389-037BE0695223}
		{739892B1-6B2F-4C75-A5FC-95C6EB9A40D5} = {0AB3BF05-4346-4AA6-1389-037BE0695223}
		{EF468EBF-00C4-4F32-8A75-C2357AC725B2} = {0AB3BF05-4346-4AA6-1389-037BE0695223}
	EndGlobalSection
	GlobalSection(ExtensibilityGlobals) = postSolution
		SolutionGuid = {9836966F-B135-4BAE-ADC7-C9711ECF1904}
	EndGlobalSection
EndGlobal
